
Microsoft Visual Studio Solution File, Format Version 12.00
# Visual Studio Version 17
VisualStudioVersion = 17.10.35122.118
MinimumVisualStudioVersion = 10.0.40219.1
Project("{FAE04EC0-301F-11D3-BF4B-00C04F79EFBC}") = "VacationTracker", "VacationTracker\VacationTracker.csproj", "{3BF67AC5-5A69-4123-8CA7-4CF0A26134FB}"
EndProject
Global
	GlobalSection(SolutionConfigurationPlatforms) = preSolution
		Debug|Any CPU = Debug|Any CPU
		Release|Any CPU = Release|Any CPU
	EndGlobalSection
	GlobalSection(ProjectConfigurationPlatforms) = postSolution
		{3BF67AC5-5A69-4123-8CA7-4CF0A26134FB}.Debug|Any CPU.ActiveCfg = Debug|Any CPU
		{3BF67AC5-5A69-4123-8CA7-4CF0A26134FB}.Debug|Any CPU.Build.0 = Debug|Any CPU
		{3BF67AC5-5A69-4123-8CA7-4CF0A26134FB}.Release|Any CPU.ActiveCfg = Release|Any CPU
		{3BF67AC5-5A69-4123-8CA7-4CF0A26134FB}.Release|Any CPU.Build.0 = Release|Any CPU
	EndGlobalSection
	GlobalSection(SolutionProperties) = preSolution
		HideSolutionNode = FALSE
	EndGlobalSection
	GlobalSection(ExtensibilityGlobals) = postSolution
		SolutionGuid = {635C164D-8D06-46FD-9BAF-2F2F60F86CC6}
	EndGlobalSection
EndGlobal
